// !$*UTF8*$!
{
	archiveVersion = 1;
	classes = {
	};
	objectVersion = 56;
	objects = {

/* Begin PBXBuildFile section */
		730C31FA2C7EF1A50079510B /* AppDelegate.swift in Sources */ = {isa = PBXBuildFile; fileRef = 730C31F92C7EF1A50079510B /* AppDelegate.swift */; };
		730C32032C7EF1A50079510B /* Assets.xcassets in Resources */ = {isa = PBXBuildFile; fileRef = 730C32022C7EF1A50079510B /* Assets.xcassets */; };
		730C320F2C7EF2220079510B /* Launch Screen.storyboard in Resources */ = {isa = PBXBuildFile; fileRef = 730C320E2C7EF2220079510B /* Launch Screen.storyboard */; };
		730C32122C7F4AFA0079510B /* Market Fresh Bold.ttf in Resources */ = {isa = PBXBuildFile; fileRef = 730C32102C7F4AFA0079510B /* Market Fresh Bold.ttf */; };
		730C32132C7F4AFA0079510B /* Market Fresh.ttf in Resources */ = {isa = PBXBuildFile; fileRef = 730C32112C7F4AFA0079510B /* Market Fresh.ttf */; };
		730C32152C7F4B430079510B /* Market Fresh Bold.ttf in Sources */ = {isa = PBXBuildFile; fileRef = 730C32102C7F4AFA0079510B /* Market Fresh Bold.ttf */; };
		730C32162C7F4B460079510B /* Market Fresh.ttf in Sources */ = {isa = PBXBuildFile; fileRef = 730C32112C7F4AFA0079510B /* Market Fresh.ttf */; };
		730C32192C7F4BBE0079510B /* LPTabBarViewController.swift in Sources */ = {isa = PBXBuildFile; fileRef = 730C32182C7F4BBE0079510B /* LPTabBarViewController.swift */; };
		730C321B2C7F4BE00079510B /* LPNavigationController.swift in Sources */ = {isa = PBXBuildFile; fileRef = 730C321A2C7F4BE00079510B /* LPNavigationController.swift */; };
		730C321D2C7F4C0B0079510B /* LPBaseViewController.swift in Sources */ = {isa = PBXBuildFile; fileRef = 730C321C2C7F4C0B0079510B /* LPBaseViewController.swift */; };
		730C321F2C7F4C670079510B /* BaseFile.swift in Sources */ = {isa = PBXBuildFile; fileRef = 730C321E2C7F4C670079510B /* BaseFile.swift */; };
		730C32212C7F4CB50079510B /* LPLaunchViewController.swift in Sources */ = {isa = PBXBuildFile; fileRef = 730C32202C7F4CB50079510B /* LPLaunchViewController.swift */; };
		730C32232C7F4F0B0079510B /* LPModel.swift in Sources */ = {isa = PBXBuildFile; fileRef = 730C32222C7F4F0B0079510B /* LPModel.swift */; };
		730C32252C7F50800079510B /* LPRequsetManager.swift in Sources */ = {isa = PBXBuildFile; fileRef = 730C32242C7F50800079510B /* LPRequsetManager.swift */; };
		7326E4072C84C8B900383EBC /* LPLoginViewController.swift in Sources */ = {isa = PBXBuildFile; fileRef = 7326E4062C84C8B900383EBC /* LPLoginViewController.swift */; };
		7326E4092C84C8D000383EBC /* LPLoginView.swift in Sources */ = {isa = PBXBuildFile; fileRef = 7326E4082C84C8D000383EBC /* LPLoginView.swift */; };
		7357B4BF2C84B91800B2DE1B /* LPLunBoViewCell.swift in Sources */ = {isa = PBXBuildFile; fileRef = 7357B4BE2C84B91800B2DE1B /* LPLunBoViewCell.swift */; };
		7389D4472C83786700C7D7DB /* LPCenterView.swift in Sources */ = {isa = PBXBuildFile; fileRef = 7389D4462C83786700C7D7DB /* LPCenterView.swift */; };
		7389D4492C8383C200C7D7DB /* LPOrdersView.swift in Sources */ = {isa = PBXBuildFile; fileRef = 7389D4482C8383C200C7D7DB /* LPOrdersView.swift */; };
		7389D44B2C8389A100C7D7DB /* LPNavgationView.swift in Sources */ = {isa = PBXBuildFile; fileRef = 7389D44A2C8389A100C7D7DB /* LPNavgationView.swift */; };
		7389D44D2C838AD200C7D7DB /* LPAgreeViewController.swift in Sources */ = {isa = PBXBuildFile; fileRef = 7389D44C2C838AD200C7D7DB /* LPAgreeViewController.swift */; };
		7389D44F2C83973F00C7D7DB /* LPAccountManViewController.swift in Sources */ = {isa = PBXBuildFile; fileRef = 7389D44E2C83973F00C7D7DB /* LPAccountManViewController.swift */; };
		7389D4532C83A63300C7D7DB /* LPSubHomeView.swift in Sources */ = {isa = PBXBuildFile; fileRef = 7389D4522C83A63300C7D7DB /* LPSubHomeView.swift */; };
		7389D4552C83A63D00C7D7DB /* LPHubHomeView.swift in Sources */ = {isa = PBXBuildFile; fileRef = 7389D4542C83A63D00C7D7DB /* LPHubHomeView.swift */; };
		73BDE2522C80ACBA00A776F8 /* LPSheBeiInfo.swift in Sources */ = {isa = PBXBuildFile; fileRef = 73BDE2512C80ACBA00A776F8 /* LPSheBeiInfo.swift */; };
		73BDE2542C80BB2B00A776F8 /* LPLoginInfo.swift in Sources */ = {isa = PBXBuildFile; fileRef = 73BDE2532C80BB2B00A776F8 /* LPLoginInfo.swift */; };
		73BDE2592C80BF8300A776F8 /* LPHomeViewController.swift in Sources */ = {isa = PBXBuildFile; fileRef = 73BDE2582C80BF8300A776F8 /* LPHomeViewController.swift */; };
		73BDE25B2C80BF9F00A776F8 /* LPOrdersViewController.swift in Sources */ = {isa = PBXBuildFile; fileRef = 73BDE25A2C80BF9F00A776F8 /* LPOrdersViewController.swift */; };
		73BDE25D2C80BFAB00A776F8 /* LPCenterViewController.swift in Sources */ = {isa = PBXBuildFile; fileRef = 73BDE25C2C80BFAB00A776F8 /* LPCenterViewController.swift */; };
		73BDE2622C80C42100A776F8 /* PATabBarButton.swift in Sources */ = {isa = PBXBuildFile; fileRef = 73BDE2602C80C42100A776F8 /* PATabBarButton.swift */; };
		73BDE2632C80C42100A776F8 /* PATabBar.swift in Sources */ = {isa = PBXBuildFile; fileRef = 73BDE2612C80C42100A776F8 /* PATabBar.swift */; };
		E72ADA7652749A421965C75F /* Pods_LendPinoy.framework in Frameworks */ = {isa = PBXBuildFile; fileRef = D59C94D7295B42BE36931E2A /* Pods_LendPinoy.framework */; };
/* End PBXBuildFile section */

/* Begin PBXFileReference section */
		456870F0A5FFEE95B91BF2C4 /* Pods-LendPinoy.debug.xcconfig */ = {isa = PBXFileReference; includeInIndex = 1; lastKnownFileType = text.xcconfig; name = "Pods-LendPinoy.debug.xcconfig"; path = "Target Support Files/Pods-LendPinoy/Pods-LendPinoy.debug.xcconfig"; sourceTree = "<group>"; };
		6B13F21C658821458E630C95 /* Pods-LendPinoy.release.xcconfig */ = {isa = PBXFileReference; includeInIndex = 1; lastKnownFileType = text.xcconfig; name = "Pods-LendPinoy.release.xcconfig"; path = "Target Support Files/Pods-LendPinoy/Pods-LendPinoy.release.xcconfig"; sourceTree = "<group>"; };
		730C31F62C7EF1A50079510B /* LendPinoy.app */ = {isa = PBXFileReference; explicitFileType = wrapper.application; includeInIndex = 0; path = LendPinoy.app; sourceTree = BUILT_PRODUCTS_DIR; };
		730C31F92C7EF1A50079510B /* AppDelegate.swift */ = {isa = PBXFileReference; lastKnownFileType = sourcecode.swift; path = AppDelegate.swift; sourceTree = "<group>"; };
		730C32022C7EF1A50079510B /* Assets.xcassets */ = {isa = PBXFileReference; lastKnownFileType = folder.assetcatalog; path = Assets.xcassets; sourceTree = "<group>"; };
		730C32072C7EF1A50079510B /* Info.plist */ = {isa = PBXFileReference; lastKnownFileType = text.plist.xml; path = Info.plist; sourceTree = "<group>"; };
		730C320D2C7EF1E80079510B /* LendPinoy.entitlements */ = {isa = PBXFileReference; lastKnownFileType = text.plist.entitlements; path = LendPinoy.entitlements; sourceTree = "<group>"; };
		730C320E2C7EF2220079510B /* Launch Screen.storyboard */ = {isa = PBXFileReference; lastKnownFileType = file.storyboard; path = "Launch Screen.storyboard"; sourceTree = "<group>"; };
		730C32102C7F4AFA0079510B /* Market Fresh Bold.ttf */ = {isa = PBXFileReference; lastKnownFileType = file; path = "Market Fresh Bold.ttf"; sourceTree = "<group>"; };
		730C32112C7F4AFA0079510B /* Market Fresh.ttf */ = {isa = PBXFileReference; lastKnownFileType = file; path = "Market Fresh.ttf"; sourceTree = "<group>"; };
		730C32182C7F4BBE0079510B /* LPTabBarViewController.swift */ = {isa = PBXFileReference; lastKnownFileType = sourcecode.swift; path = LPTabBarViewController.swift; sourceTree = "<group>"; };
		730C321A2C7F4BE00079510B /* LPNavigationController.swift */ = {isa = PBXFileReference; lastKnownFileType = sourcecode.swift; path = LPNavigationController.swift; sourceTree = "<group>"; };
		730C321C2C7F4C0B0079510B /* LPBaseViewController.swift */ = {isa = PBXFileReference; lastKnownFileType = sourcecode.swift; path = LPBaseViewController.swift; sourceTree = "<group>"; };
		730C321E2C7F4C670079510B /* BaseFile.swift */ = {isa = PBXFileReference; lastKnownFileType = sourcecode.swift; path = BaseFile.swift; sourceTree = "<group>"; };
		730C32202C7F4CB50079510B /* LPLaunchViewController.swift */ = {isa = PBXFileReference; lastKnownFileType = sourcecode.swift; path = LPLaunchViewController.swift; sourceTree = "<group>"; };
		730C32222C7F4F0B0079510B /* LPModel.swift */ = {isa = PBXFileReference; lastKnownFileType = sourcecode.swift; path = LPModel.swift; sourceTree = "<group>"; };
		730C32242C7F50800079510B /* LPRequsetManager.swift */ = {isa = PBXFileReference; lastKnownFileType = sourcecode.swift; path = LPRequsetManager.swift; sourceTree = "<group>"; };
		7326E4062C84C8B900383EBC /* LPLoginViewController.swift */ = {isa = PBXFileReference; lastKnownFileType = sourcecode.swift; path = LPLoginViewController.swift; sourceTree = "<group>"; };
		7326E4082C84C8D000383EBC /* LPLoginView.swift */ = {isa = PBXFileReference; lastKnownFileType = sourcecode.swift; path = LPLoginView.swift; sourceTree = "<group>"; };
		7357B4BE2C84B91800B2DE1B /* LPLunBoViewCell.swift */ = {isa = PBXFileReference; lastKnownFileType = sourcecode.swift; path = LPLunBoViewCell.swift; sourceTree = "<group>"; };
		7389D4462C83786700C7D7DB /* LPCenterView.swift */ = {isa = PBXFileReference; lastKnownFileType = sourcecode.swift; path = LPCenterView.swift; sourceTree = "<group>"; };
		7389D4482C8383C200C7D7DB /* LPOrdersView.swift */ = {isa = PBXFileReference; lastKnownFileType = sourcecode.swift; path = LPOrdersView.swift; sourceTree = "<group>"; };
		7389D44A2C8389A100C7D7DB /* LPNavgationView.swift */ = {isa = PBXFileReference; lastKnownFileType = sourcecode.swift; path = LPNavgationView.swift; sourceTree = "<group>"; };
		7389D44C2C838AD200C7D7DB /* LPAgreeViewController.swift */ = {isa = PBXFileReference; lastKnownFileType = sourcecode.swift; path = LPAgreeViewController.swift; sourceTree = "<group>"; };
		7389D44E2C83973F00C7D7DB /* LPAccountManViewController.swift */ = {isa = PBXFileReference; lastKnownFileType = sourcecode.swift; path = LPAccountManViewController.swift; sourceTree = "<group>"; };
		7389D4522C83A63300C7D7DB /* LPSubHomeView.swift */ = {isa = PBXFileReference; lastKnownFileType = sourcecode.swift; path = LPSubHomeView.swift; sourceTree = "<group>"; };
		7389D4542C83A63D00C7D7DB /* LPHubHomeView.swift */ = {isa = PBXFileReference; lastKnownFileType = sourcecode.swift; path = LPHubHomeView.swift; sourceTree = "<group>"; };
		73BDE2512C80ACBA00A776F8 /* LPSheBeiInfo.swift */ = {isa = PBXFileReference; lastKnownFileType = sourcecode.swift; path = LPSheBeiInfo.swift; sourceTree = "<group>"; };
		73BDE2532C80BB2B00A776F8 /* LPLoginInfo.swift */ = {isa = PBXFileReference; lastKnownFileType = sourcecode.swift; path = LPLoginInfo.swift; sourceTree = "<group>"; };
		73BDE2582C80BF8300A776F8 /* LPHomeViewController.swift */ = {isa = PBXFileReference; lastKnownFileType = sourcecode.swift; path = LPHomeViewController.swift; sourceTree = "<group>"; };
		73BDE25A2C80BF9F00A776F8 /* LPOrdersViewController.swift */ = {isa = PBXFileReference; lastKnownFileType = sourcecode.swift; path = LPOrdersViewController.swift; sourceTree = "<group>"; };
		73BDE25C2C80BFAB00A776F8 /* LPCenterViewController.swift */ = {isa = PBXFileReference; lastKnownFileType = sourcecode.swift; path = LPCenterViewController.swift; sourceTree = "<group>"; };
		73BDE2602C80C42100A776F8 /* PATabBarButton.swift */ = {isa = PBXFileReference; fileEncoding = 4; lastKnownFileType = sourcecode.swift; path = PATabBarButton.swift; sourceTree = "<group>"; };
		73BDE2612C80C42100A776F8 /* PATabBar.swift */ = {isa = PBXFileReference; fileEncoding = 4; lastKnownFileType = sourcecode.swift; path = PATabBar.swift; sourceTree = "<group>"; };
		D59C94D7295B42BE36931E2A /* Pods_LendPinoy.framework */ = {isa = PBXFileReference; explicitFileType = wrapper.framework; includeInIndex = 0; path = Pods_LendPinoy.framework; sourceTree = BUILT_PRODUCTS_DIR; };
/* End PBXFileReference section */

/* Begin PBXFrameworksBuildPhase section */
		730C31F32C7EF1A50079510B /* Frameworks */ = {
			isa = PBXFrameworksBuildPhase;
			buildActionMask = 2147483647;
			files = (
				E72ADA7652749A421965C75F /* Pods_LendPinoy.framework in Frameworks */,
			);
			runOnlyForDeploymentPostprocessing = 0;
		};
/* End PBXFrameworksBuildPhase section */

/* Begin PBXGroup section */
		595B8BA45E4A8144D99D1D92 /* Frameworks */ = {
			isa = PBXGroup;
			children = (
				D59C94D7295B42BE36931E2A /* Pods_LendPinoy.framework */,
			);
			name = Frameworks;
			sourceTree = "<group>";
		};
		730C31ED2C7EF1A50079510B = {
			isa = PBXGroup;
			children = (
				730C31F82C7EF1A50079510B /* LendPinoy */,
				730C31F72C7EF1A50079510B /* Products */,
				B379A6DE28CE40434DFAF803 /* Pods */,
				595B8BA45E4A8144D99D1D92 /* Frameworks */,
			);
			sourceTree = "<group>";
		};
		730C31F72C7EF1A50079510B /* Products */ = {
			isa = PBXGroup;
			children = (
				730C31F62C7EF1A50079510B /* LendPinoy.app */,
			);
			name = Products;
			sourceTree = "<group>";
		};
		730C31F82C7EF1A50079510B /* LendPinoy */ = {
			isa = PBXGroup;
			children = (
				730C320D2C7EF1E80079510B /* LendPinoy.entitlements */,
				730C32022C7EF1A50079510B /* Assets.xcassets */,
				730C32072C7EF1A50079510B /* Info.plist */,
				730C32142C7F4B0E0079510B /* LPMain */,
				7326E4052C84C8A300383EBC /* Login */,
				73BDE2572C80BF6A00A776F8 /* Center */,
				73BDE2562C80BF6400A776F8 /* Orders */,
				73BDE2552C80BF5B00A776F8 /* Home */,
				730C32172C7F4B620079510B /* LPBaseVc */,
			);
			path = LendPinoy;
			sourceTree = "<group>";
		};
		730C32142C7F4B0E0079510B /* LPMain */ = {
			isa = PBXGroup;
			children = (
				730C32112C7F4AFA0079510B /* Market Fresh.ttf */,
				730C32102C7F4AFA0079510B /* Market Fresh Bold.ttf */,
				730C320E2C7EF2220079510B /* Launch Screen.storyboard */,
				730C31F92C7EF1A50079510B /* AppDelegate.swift */,
				730C321E2C7F4C670079510B /* BaseFile.swift */,
				730C32222C7F4F0B0079510B /* LPModel.swift */,
				730C32242C7F50800079510B /* LPRequsetManager.swift */,
				73BDE2512C80ACBA00A776F8 /* LPSheBeiInfo.swift */,
				73BDE2532C80BB2B00A776F8 /* LPLoginInfo.swift */,
			);
			path = LPMain;
			sourceTree = "<group>";
		};
		730C32172C7F4B620079510B /* LPBaseVc */ = {
			isa = PBXGroup;
			children = (
				73BDE25F2C80C41100A776F8 /* View */,
				73BDE25E2C80C3FD00A776F8 /* Controller */,
			);
			path = LPBaseVc;
			sourceTree = "<group>";
		};
		7326E4052C84C8A300383EBC /* Login */ = {
			isa = PBXGroup;
			children = (
				7326E4062C84C8B900383EBC /* LPLoginViewController.swift */,
				7326E4082C84C8D000383EBC /* LPLoginView.swift */,
			);
			path = Login;
			sourceTree = "<group>";
		};
		73BDE2552C80BF5B00A776F8 /* Home */ = {
			isa = PBXGroup;
			children = (
				73BDE2582C80BF8300A776F8 /* LPHomeViewController.swift */,
				7389D4522C83A63300C7D7DB /* LPSubHomeView.swift */,
				7389D4542C83A63D00C7D7DB /* LPHubHomeView.swift */,
				7357B4BE2C84B91800B2DE1B /* LPLunBoViewCell.swift */,
			);
			path = Home;
			sourceTree = "<group>";
		};
		73BDE2562C80BF6400A776F8 /* Orders */ = {
			isa = PBXGroup;
			children = (
				7389D4482C8383C200C7D7DB /* LPOrdersView.swift */,
				73BDE25A2C80BF9F00A776F8 /* LPOrdersViewController.swift */,
			);
			path = Orders;
			sourceTree = "<group>";
		};
		73BDE2572C80BF6A00A776F8 /* Center */ = {
			isa = PBXGroup;
			children = (
				7389D4462C83786700C7D7DB /* LPCenterView.swift */,
				73BDE25C2C80BFAB00A776F8 /* LPCenterViewController.swift */,
				7389D44C2C838AD200C7D7DB /* LPAgreeViewController.swift */,
				7389D44E2C83973F00C7D7DB /* LPAccountManViewController.swift */,
			);
			path = Center;
			sourceTree = "<group>";
		};
		73BDE25E2C80C3FD00A776F8 /* Controller */ = {
			isa = PBXGroup;
			children = (
				730C321A2C7F4BE00079510B /* LPNavigationController.swift */,
				730C321C2C7F4C0B0079510B /* LPBaseViewController.swift */,
				730C32182C7F4BBE0079510B /* LPTabBarViewController.swift */,
				730C32202C7F4CB50079510B /* LPLaunchViewController.swift */,
			);
			path = Controller;
			sourceTree = "<group>";
		};
		73BDE25F2C80C41100A776F8 /* View */ = {
			isa = PBXGroup;
			children = (
				73BDE2612C80C42100A776F8 /* PATabBar.swift */,
				73BDE2602C80C42100A776F8 /* PATabBarButton.swift */,
				7389D44A2C8389A100C7D7DB /* LPNavgationView.swift */,
			);
			path = View;
			sourceTree = "<group>";
		};
		B379A6DE28CE40434DFAF803 /* Pods */ = {
			isa = PBXGroup;
			children = (
				456870F0A5FFEE95B91BF2C4 /* Pods-LendPinoy.debug.xcconfig */,
				6B13F21C658821458E630C95 /* Pods-LendPinoy.release.xcconfig */,
			);
			path = Pods;
			sourceTree = "<group>";
		};
/* End PBXGroup section */

/* Begin PBXNativeTarget section */
		730C31F52C7EF1A50079510B /* LendPinoy */ = {
			isa = PBXNativeTarget;
			buildConfigurationList = 730C320A2C7EF1A50079510B /* Build configuration list for PBXNativeTarget "LendPinoy" */;
			buildPhases = (
				70C380E4A04D798A970D2B91 /* [CP] Check Pods Manifest.lock */,
				730C31F22C7EF1A50079510B /* Sources */,
				730C31F32C7EF1A50079510B /* Frameworks */,
				730C31F42C7EF1A50079510B /* Resources */,
				400FFFCD6CC0DE0FD2F22D56 /* [CP] Embed Pods Frameworks */,
			);
			buildRules = (
			);
			dependencies = (
			);
			name = LendPinoy;
			productName = LendPinoy;
			productReference = 730C31F62C7EF1A50079510B /* LendPinoy.app */;
			productType = "com.apple.product-type.application";
		};
/* End PBXNativeTarget section */

/* Begin PBXProject section */
		730C31EE2C7EF1A50079510B /* Project object */ = {
			isa = PBXProject;
			attributes = {
				BuildIndependentTargetsInParallel = 1;
				LastSwiftUpdateCheck = 1540;
				LastUpgradeCheck = 1540;
				TargetAttributes = {
					730C31F52C7EF1A50079510B = {
						CreatedOnToolsVersion = 15.4;
					};
				};
			};
			buildConfigurationList = 730C31F12C7EF1A50079510B /* Build configuration list for PBXProject "LendPinoy" */;
			compatibilityVersion = "Xcode 14.0";
			developmentRegion = en;
			hasScannedForEncodings = 0;
			knownRegions = (
				en,
				Base,
			);
			mainGroup = 730C31ED2C7EF1A50079510B;
			productRefGroup = 730C31F72C7EF1A50079510B /* Products */;
			projectDirPath = "";
			projectRoot = "";
			targets = (
				730C31F52C7EF1A50079510B /* LendPinoy */,
			);
		};
/* End PBXProject section */

/* Begin PBXResourcesBuildPhase section */
		730C31F42C7EF1A50079510B /* Resources */ = {
			isa = PBXResourcesBuildPhase;
			buildActionMask = 2147483647;
			files = (
				730C32132C7F4AFA0079510B /* Market Fresh.ttf in Resources */,
				730C32122C7F4AFA0079510B /* Market Fresh Bold.ttf in Resources */,
				730C320F2C7EF2220079510B /* Launch Screen.storyboard in Resources */,
				730C32032C7EF1A50079510B /* Assets.xcassets in Resources */,
			);
			runOnlyForDeploymentPostprocessing = 0;
		};
/* End PBXResourcesBuildPhase section */

/* Begin PBXShellScriptBuildPhase section */
		400FFFCD6CC0DE0FD2F22D56 /* [CP] Embed Pods Frameworks */ = {
			isa = PBXShellScriptBuildPhase;
			buildActionMask = 2147483647;
			files = (
			);
			inputFileListPaths = (
				"${PODS_ROOT}/Target Support Files/Pods-LendPinoy/Pods-LendPinoy-frameworks-${CONFIGURATION}-input-files.xcfilelist",
			);
			name = "[CP] Embed Pods Frameworks";
			outputFileListPaths = (
				"${PODS_ROOT}/Target Support Files/Pods-LendPinoy/Pods-LendPinoy-frameworks-${CONFIGURATION}-output-files.xcfilelist",
			);
			runOnlyForDeploymentPostprocessing = 0;
			shellPath = /bin/sh;
			shellScript = "\"${PODS_ROOT}/Target Support Files/Pods-LendPinoy/Pods-LendPinoy-frameworks.sh\"\n";
			showEnvVarsInLog = 0;
		};
		70C380E4A04D798A970D2B91 /* [CP] Check Pods Manifest.lock */ = {
			isa = PBXShellScriptBuildPhase;
			buildActionMask = 2147483647;
			files = (
			);
			inputFileListPaths = (
			);
			inputPaths = (
				"${PODS_PODFILE_DIR_PATH}/Podfile.lock",
				"${PODS_ROOT}/Manifest.lock",
			);
			name = "[CP] Check Pods Manifest.lock";
			outputFileListPaths = (
			);
			outputPaths = (
				"$(DERIVED_FILE_DIR)/Pods-LendPinoy-checkManifestLockResult.txt",
			);
			runOnlyForDeploymentPostprocessing = 0;
			shellPath = /bin/sh;
			shellScript = "diff \"${PODS_PODFILE_DIR_PATH}/Podfile.lock\" \"${PODS_ROOT}/Manifest.lock\" > /dev/null\nif [ $? != 0 ] ; then\n    # print error to STDERR\n    echo \"error: The sandbox is not in sync with the Podfile.lock. Run 'pod install' or update your CocoaPods installation.\" >&2\n    exit 1\nfi\n# This output is used by Xcode 'outputs' to avoid re-running this script phase.\necho \"SUCCESS\" > \"${SCRIPT_OUTPUT_FILE_0}\"\n";
			showEnvVarsInLog = 0;
		};
/* End PBXShellScriptBuildPhase section */

/* Begin PBXSourcesBuildPhase section */
		730C31F22C7EF1A50079510B /* Sources */ = {
			isa = PBXSourcesBuildPhase;
			buildActionMask = 2147483647;
			files = (
				7389D4532C83A63300C7D7DB /* LPSubHomeView.swift in Sources */,
				730C32162C7F4B460079510B /* Market Fresh.ttf in Sources */,
				73BDE2542C80BB2B00A776F8 /* LPLoginInfo.swift in Sources */,
				730C32212C7F4CB50079510B /* LPLaunchViewController.swift in Sources */,
				730C321D2C7F4C0B0079510B /* LPBaseViewController.swift in Sources */,
				730C32152C7F4B430079510B /* Market Fresh Bold.ttf in Sources */,
				730C321B2C7F4BE00079510B /* LPNavigationController.swift in Sources */,
				730C32252C7F50800079510B /* LPRequsetManager.swift in Sources */,
				73BDE25D2C80BFAB00A776F8 /* LPCenterViewController.swift in Sources */,
				73BDE2622C80C42100A776F8 /* PATabBarButton.swift in Sources */,
				73BDE25B2C80BF9F00A776F8 /* LPOrdersViewController.swift in Sources */,
				7389D44D2C838AD200C7D7DB /* LPAgreeViewController.swift in Sources */,
				730C321F2C7F4C670079510B /* BaseFile.swift in Sources */,
				7389D44F2C83973F00C7D7DB /* LPAccountManViewController.swift in Sources */,
				7326E4092C84C8D000383EBC /* LPLoginView.swift in Sources */,
				73BDE2592C80BF8300A776F8 /* LPHomeViewController.swift in Sources */,
				73BDE2522C80ACBA00A776F8 /* LPSheBeiInfo.swift in Sources */,
				7389D4492C8383C200C7D7DB /* LPOrdersView.swift in Sources */,
				7389D44B2C8389A100C7D7DB /* LPNavgationView.swift in Sources */,
				73BDE2632C80C42100A776F8 /* PATabBar.swift in Sources */,
				730C32232C7F4F0B0079510B /* LPModel.swift in Sources */,
				7326E4072C84C8B900383EBC /* LPLoginViewController.swift in Sources */,
				7389D4472C83786700C7D7DB /* LPCenterView.swift in Sources */,
				7389D4552C83A63D00C7D7DB /* LPHubHomeView.swift in Sources */,
				730C31FA2C7EF1A50079510B /* AppDelegate.swift in Sources */,
				730C32192C7F4BBE0079510B /* LPTabBarViewController.swift in Sources */,
				7357B4BF2C84B91800B2DE1B /* LPLunBoViewCell.swift in Sources */,
			);
			runOnlyForDeploymentPostprocessing = 0;
		};
/* End PBXSourcesBuildPhase section */

/* Begin XCBuildConfiguration section */
		730C32082C7EF1A50079510B /* Debug */ = {
			isa = XCBuildConfiguration;
			buildSettings = {
				ALWAYS_SEARCH_USER_PATHS = NO;
				ASSETCATALOG_COMPILER_GENERATE_SWIFT_ASSET_SYMBOL_EXTENSIONS = YES;
				CLANG_ANALYZER_NONNULL = YES;
				CLANG_ANALYZER_NUMBER_OBJECT_CONVERSION = YES_AGGRESSIVE;
				CLANG_CXX_LANGUAGE_STANDARD = "gnu++20";
				CLANG_ENABLE_MODULES = YES;
				CLANG_ENABLE_OBJC_ARC = YES;
				CLANG_ENABLE_OBJC_WEAK = YES;
				CLANG_WARN_BLOCK_CAPTURE_AUTORELEASING = YES;
				CLANG_WARN_BOOL_CONVERSION = YES;
				CLANG_WARN_COMMA = YES;
				CLANG_WARN_CONSTANT_CONVERSION = YES;
				CLANG_WARN_DEPRECATED_OBJC_IMPLEMENTATIONS = YES;
				CLANG_WARN_DIRECT_OBJC_ISA_USAGE = YES_ERROR;
				CLANG_WARN_DOCUMENTATION_COMMENTS = YES;
				CLANG_WARN_EMPTY_BODY = YES;
				CLANG_WARN_ENUM_CONVERSION = YES;
				CLANG_WARN_INFINITE_RECURSION = YES;
				CLANG_WARN_INT_CONVERSION = YES;
				CLANG_WARN_NON_LITERAL_NULL_CONVERSION = YES;
				CLANG_WARN_OBJC_IMPLICIT_RETAIN_SELF = YES;
				CLANG_WARN_OBJC_LITERAL_CONVERSION = YES;
				CLANG_WARN_OBJC_ROOT_CLASS = YES_ERROR;
				CLANG_WARN_QUOTED_INCLUDE_IN_FRAMEWORK_HEADER = YES;
				CLANG_WARN_RANGE_LOOP_ANALYSIS = YES;
				CLANG_WARN_STRICT_PROTOTYPES = YES;
				CLANG_WARN_SUSPICIOUS_MOVE = YES;
				CLANG_WARN_UNGUARDED_AVAILABILITY = YES_AGGRESSIVE;
				CLANG_WARN_UNREACHABLE_CODE = YES;
				CLANG_WARN__DUPLICATE_METHOD_MATCH = YES;
				COPY_PHASE_STRIP = NO;
				DEBUG_INFORMATION_FORMAT = dwarf;
				ENABLE_STRICT_OBJC_MSGSEND = YES;
				ENABLE_TESTABILITY = YES;
				ENABLE_USER_SCRIPT_SANDBOXING = YES;
				GCC_C_LANGUAGE_STANDARD = gnu17;
				GCC_DYNAMIC_NO_PIC = NO;
				GCC_NO_COMMON_BLOCKS = YES;
				GCC_OPTIMIZATION_LEVEL = 0;
				GCC_PREPROCESSOR_DEFINITIONS = (
					"DEBUG=1",
					"$(inherited)",
				);
				GCC_WARN_64_TO_32_BIT_CONVERSION = YES;
				GCC_WARN_ABOUT_RETURN_TYPE = YES_ERROR;
				GCC_WARN_UNDECLARED_SELECTOR = YES;
				GCC_WARN_UNINITIALIZED_AUTOS = YES_AGGRESSIVE;
				GCC_WARN_UNUSED_FUNCTION = YES;
				GCC_WARN_UNUSED_VARIABLE = YES;
				IPHONEOS_DEPLOYMENT_TARGET = 17.5;
				LOCALIZATION_PREFERS_STRING_CATALOGS = YES;
				MTL_ENABLE_DEBUG_INFO = INCLUDE_SOURCE;
				MTL_FAST_MATH = YES;
				ONLY_ACTIVE_ARCH = YES;
				SDKROOT = iphoneos;
				SWIFT_ACTIVE_COMPILATION_CONDITIONS = "DEBUG $(inherited)";
				SWIFT_OPTIMIZATION_LEVEL = "-Onone";
			};
			name = Debug;
		};
		730C32092C7EF1A50079510B /* Release */ = {
			isa = XCBuildConfiguration;
			buildSettings = {
				ALWAYS_SEARCH_USER_PATHS = NO;
				ASSETCATALOG_COMPILER_GENERATE_SWIFT_ASSET_SYMBOL_EXTENSIONS = YES;
				CLANG_ANALYZER_NONNULL = YES;
				CLANG_ANALYZER_NUMBER_OBJECT_CONVERSION = YES_AGGRESSIVE;
				CLANG_CXX_LANGUAGE_STANDARD = "gnu++20";
				CLANG_ENABLE_MODULES = YES;
				CLANG_ENABLE_OBJC_ARC = YES;
				CLANG_ENABLE_OBJC_WEAK = YES;
				CLANG_WARN_BLOCK_CAPTURE_AUTORELEASING = YES;
				CLANG_WARN_BOOL_CONVERSION = YES;
				CLANG_WARN_COMMA = YES;
				CLANG_WARN_CONSTANT_CONVERSION = YES;
				CLANG_WARN_DEPRECATED_OBJC_IMPLEMENTATIONS = YES;
				CLANG_WARN_DIRECT_OBJC_ISA_USAGE = YES_ERROR;
				CLANG_WARN_DOCUMENTATION_COMMENTS = YES;
				CLANG_WARN_EMPTY_BODY = YES;
				CLANG_WARN_ENUM_CONVERSION = YES;
				CLANG_WARN_INFINITE_RECURSION = YES;
				CLANG_WARN_INT_CONVERSION = YES;
				CLANG_WARN_NON_LITERAL_NULL_CONVERSION = YES;
				CLANG_WARN_OBJC_IMPLICIT_RETAIN_SELF = YES;
				CLANG_WARN_OBJC_LITERAL_CONVERSION = YES;
				CLANG_WARN_OBJC_ROOT_CLASS = YES_ERROR;
				CLANG_WARN_QUOTED_INCLUDE_IN_FRAMEWORK_HEADER = YES;
				CLANG_WARN_RANGE_LOOP_ANALYSIS = YES;
				CLANG_WARN_STRICT_PROTOTYPES = YES;
				CLANG_WARN_SUSPICIOUS_MOVE = YES;
				CLANG_WARN_UNGUARDED_AVAILABILITY = YES_AGGRESSIVE;
				CLANG_WARN_UNREACHABLE_CODE = YES;
				CLANG_WARN__DUPLICATE_METHOD_MATCH = YES;
				COPY_PHASE_STRIP = NO;
				DEBUG_INFORMATION_FORMAT = "dwarf-with-dsym";
				ENABLE_NS_ASSERTIONS = NO;
				ENABLE_STRICT_OBJC_MSGSEND = YES;
				ENABLE_USER_SCRIPT_SANDBOXING = YES;
				GCC_C_LANGUAGE_STANDARD = gnu17;
				GCC_NO_COMMON_BLOCKS = YES;
				GCC_WARN_64_TO_32_BIT_CONVERSION = YES;
				GCC_WARN_ABOUT_RETURN_TYPE = YES_ERROR;
				GCC_WARN_UNDECLARED_SELECTOR = YES;
				GCC_WARN_UNINITIALIZED_AUTOS = YES_AGGRESSIVE;
				GCC_WARN_UNUSED_FUNCTION = YES;
				GCC_WARN_UNUSED_VARIABLE = YES;
				IPHONEOS_DEPLOYMENT_TARGET = 17.5;
				LOCALIZATION_PREFERS_STRING_CATALOGS = YES;
				MTL_ENABLE_DEBUG_INFO = NO;
				MTL_FAST_MATH = YES;
				SDKROOT = iphoneos;
				SWIFT_COMPILATION_MODE = wholemodule;
				VALIDATE_PRODUCT = YES;
			};
			name = Release;
		};
		730C320B2C7EF1A50079510B /* Debug */ = {
			isa = XCBuildConfiguration;
			baseConfigurationReference = 456870F0A5FFEE95B91BF2C4 /* Pods-LendPinoy.debug.xcconfig */;
			buildSettings = {
				ASSETCATALOG_COMPILER_APPICON_NAME = AppIcon;
				ASSETCATALOG_COMPILER_GLOBAL_ACCENT_COLOR_NAME = AccentColor;
				CODE_SIGN_ENTITLEMENTS = LendPinoy/LendPinoy.entitlements;
				"CODE_SIGN_IDENTITY[sdk=iphoneos*]" = "iPhone Developer";
				CODE_SIGN_STYLE = Manual;
				CURRENT_PROJECT_VERSION = 1;
				DEVELOPMENT_TEAM = "";
				"DEVELOPMENT_TEAM[sdk=iphoneos*]" = LVNFNCZAX5;
				ENABLE_USER_SCRIPT_SANDBOXING = NO;
				GENERATE_INFOPLIST_FILE = YES;
				INFOPLIST_FILE = LendPinoy/Info.plist;
				INFOPLIST_KEY_UIApplicationSupportsIndirectInputEvents = YES;
				INFOPLIST_KEY_UILaunchStoryboardName = "Launch Screen.storyboard";
				INFOPLIST_KEY_UISupportedInterfaceOrientations = UIInterfaceOrientationPortrait;
				INFOPLIST_KEY_UISupportedInterfaceOrientations_iPad = "UIInterfaceOrientationLandscapeLeft UIInterfaceOrientationLandscapeRight UIInterfaceOrientationPortrait UIInterfaceOrientationPortraitUpsideDown";
				IPHONEOS_DEPLOYMENT_TARGET = 13.0;
				LD_RUNPATH_SEARCH_PATHS = (
					"$(inherited)",
					"@executable_path/Frameworks",
				);
				MARKETING_VERSION = 1.0;
				PRODUCT_BUNDLE_IDENTIFIER = test.ph.tongdao.com;
				PRODUCT_NAME = "$(TARGET_NAME)";
				PROVISIONING_PROFILE_SPECIFIER = "";
				"PROVISIONING_PROFILE_SPECIFIER[sdk=iphoneos*]" = testappprofile;
				SUPPORTED_PLATFORMS = "iphoneos iphonesimulator";
				SUPPORTS_MACCATALYST = NO;
				SUPPORTS_MAC_DESIGNED_FOR_IPHONE_IPAD = NO;
				SUPPORTS_XR_DESIGNED_FOR_IPHONE_IPAD = NO;
				SWIFT_EMIT_LOC_STRINGS = YES;
				SWIFT_VERSION = 5.0;
				TARGETED_DEVICE_FAMILY = 1;
			};
			name = Debug;
		};
		730C320C2C7EF1A50079510B /* Release */ = {
			isa = XCBuildConfiguration;
			baseConfigurationReference = 6B13F21C658821458E630C95 /* Pods-LendPinoy.release.xcconfig */;
			buildSettings = {
				ASSETCATALOG_COMPILER_APPICON_NAME = AppIcon;
				ASSETCATALOG_COMPILER_GLOBAL_ACCENT_COLOR_NAME = AccentColor;
				CODE_SIGN_ENTITLEMENTS = LendPinoy/LendPinoy.entitlements;
				"CODE_SIGN_IDENTITY[sdk=iphoneos*]" = "iPhone Developer";
				CODE_SIGN_STYLE = Manual;
				CURRENT_PROJECT_VERSION = 1;
				DEVELOPMENT_TEAM = "";
				"DEVELOPMENT_TEAM[sdk=iphoneos*]" = LVNFNCZAX5;
				ENABLE_USER_SCRIPT_SANDBOXING = NO;
				GENERATE_INFOPLIST_FILE = YES;
				INFOPLIST_FILE = LendPinoy/Info.plist;
				INFOPLIST_KEY_UIApplicationSupportsIndirectInputEvents = YES;
				INFOPLIST_KEY_UILaunchStoryboardName = "Launch Screen.storyboard";
				INFOPLIST_KEY_UISupportedInterfaceOrientations = UIInterfaceOrientationPortrait;
				INFOPLIST_KEY_UISupportedInterfaceOrientations_iPad = "UIInterfaceOrientationLandscapeLeft UIInterfaceOrientationLandscapeRight UIInterfaceOrientationPortrait UIInterfaceOrientationPortraitUpsideDown";
				IPHONEOS_DEPLOYMENT_TARGET = 13.0;
				LD_RUNPATH_SEARCH_PATHS = (
					"$(inherited)",
					"@executable_path/Frameworks",
				);
				MARKETING_VERSION = 1.0;
				PRODUCT_BUNDLE_IDENTIFIER = test.ph.tongdao.com;
				PRODUCT_NAME = "$(TARGET_NAME)";
				PROVISIONING_PROFILE_SPECIFIER = "";
				"PROVISIONING_PROFILE_SPECIFIER[sdk=iphoneos*]" = testappprofile;
				SUPPORTED_PLATFORMS = "iphoneos iphonesimulator";
				SUPPORTS_MACCATALYST = NO;
				SUPPORTS_MAC_DESIGNED_FOR_IPHONE_IPAD = NO;
				SUPPORTS_XR_DESIGNED_FOR_IPHONE_IPAD = NO;
				SWIFT_EMIT_LOC_STRINGS = YES;
				SWIFT_VERSION = 5.0;
				TARGETED_DEVICE_FAMILY = 1;
			};
			name = Release;
		};
/* End XCBuildConfiguration section */

/* Begin XCConfigurationList section */
		730C31F12C7EF1A50079510B /* Build configuration list for PBXProject "LendPinoy" */ = {
			isa = XCConfigurationList;
			buildConfigurations = (
				730C32082C7EF1A50079510B /* Debug */,
				730C32092C7EF1A50079510B /* Release */,
			);
			defaultConfigurationIsVisible = 0;
			defaultConfigurationName = Release;
		};
		730C320A2C7EF1A50079510B /* Build configuration list for PBXNativeTarget "LendPinoy" */ = {
			isa = XCConfigurationList;
			buildConfigurations = (
				730C320B2C7EF1A50079510B /* Debug */,
				730C320C2C7EF1A50079510B /* Release */,
			);
			defaultConfigurationIsVisible = 0;
			defaultConfigurationName = Release;
		};
/* End XCConfigurationList section */
	};
	rootObject = 730C31EE2C7EF1A50079510B /* Project object */;
}
